
Microsoft Visual Studio Solution File, Format Version 12.00
# Visual Studio Version 16
VisualStudioVersion = 16.0.31702.278
MinimumVisualStudioVersion = 10.0.40219.1
Project("{FAE04EC0-301F-11D3-BF4B-00C04F79EFBC}") = "WindowsFormsApp1", "WindowsFormsApp1\WindowsFormsApp1.csproj", "{9C873F67-2080-4F59-B8E3-2EA87921F042}"
EndProject
Global
	GlobalSection(SolutionConfigurationPlatforms) = preSolution
		Debug|Any CPU = Debug|Any CPU
		Release|Any CPU = Release|Any CPU
	EndGlobalSection
	GlobalSection(ProjectConfigurationPlatforms) = postSolution
		{9C873F67-2080-4F59-B8E3-2EA87921F042}.Debug|Any CPU.ActiveCfg = Debug|Any CPU
		{9C873F67-2080-4F59-B8E3-2EA87921F042}.Debug|Any CPU.Build.0 = Debug|Any CPU
		{9C873F67-2080-4F59-B8E3-2EA87921F042}.Release|Any CPU.ActiveCfg = Release|Any CPU
		{9C873F67-2080-4F59-B8E3-2EA87921F042}.Release|Any CPU.Build.0 = Release|Any CPU
	EndGlobalSection
	GlobalSection(SolutionProperties) = preSolution
		HideSolutionNode = FALSE
	EndGlobalSection
	GlobalSection(ExtensibilityGlobals) = postSolution
		SolutionGuid = {41861B49-63B3-46A4-B802-ED9C8E6B4403}
	EndGlobalSection
EndGlobal
